
Microsoft Visual Studio Solution File, Format Version 12.00
# Visual Studio 2012
Project("{FAE04EC0-301F-11D3-BF4B-00C04F79EFBC}") = "Poc.Configuration", "Poc.Configuration\Poc.Configuration.csproj", "{54A57085-0296-4FDD-88CB-C09C05AE2859}"
EndProject
Project("{FAE04EC0-301F-11D3-BF4B-00C04F79EFBC}") = "Poc.Model", "Poc.Model\Poc.Model.csproj", "{ABD2C8BD-ADD1-4DB7-BB73-1A253E951078}"
EndProject
Project("{FAE04EC0-301F-11D3-BF4B-00C04F79EFBC}") = "Poc.Repository", "Poc.Repository\Poc.Repository.csproj", "{89109A16-1C01-4DAB-AF12-46EC3C681A1F}"
EndProject
Project("{FAE04EC0-301F-11D3-BF4B-00C04F79EFBC}") = "Poc.Service", "Poc.Service\Poc.Service.csproj", "{C0A61897-1196-4A70-9155-83119FE342A0}"
EndProject
Project("{2150E333-8FDC-42A3-9474-1A3956D46DE8}") = ".nuget", ".nuget", "{0638F4EA-F162-4E1E-BB71-396EDC5312F1}"
	ProjectSection(SolutionItems) = preProject
		.nuget\NuGet.Config = .nuget\NuGet.Config
		.nuget\NuGet.exe = .nuget\NuGet.exe
		.nuget\NuGet.targets = .nuget\NuGet.targets
		.nuget\packages.config = .nuget\packages.config
	EndProjectSection
EndProject
Project("{FAE04EC0-301F-11D3-BF4B-00C04F79EFBC}") = "Poc.Test", "Poc.Test\Poc.Test.csproj", "{817397C9-BAF0-4E72-926C-E267B95659A3}"
EndProject
Project("{FAE04EC0-301F-11D3-BF4B-00C04F79EFBC}") = "Poc.LocalConfigurationFiles", "Poc.LocalConfigurationFiles\Poc.LocalConfigurationFiles.csproj", "{DF9DFE30-4266-49AC-819C-23B23CBA8D65}"
EndProject
Global
	GlobalSection(SolutionConfigurationPlatforms) = preSolution
		Debug|Any CPU = Debug|Any CPU
		Release|Any CPU = Release|Any CPU
	EndGlobalSection
	GlobalSection(ProjectConfigurationPlatforms) = postSolution
		{54A57085-0296-4FDD-88CB-C09C05AE2859}.Debug|Any CPU.ActiveCfg = Debug|Any CPU
		{54A57085-0296-4FDD-88CB-C09C05AE2859}.Debug|Any CPU.Build.0 = Debug|Any CPU
		{54A57085-0296-4FDD-88CB-C09C05AE2859}.Release|Any CPU.ActiveCfg = Release|Any CPU
		{54A57085-0296-4FDD-88CB-C09C05AE2859}.Release|Any CPU.Build.0 = Release|Any CPU
		{ABD2C8BD-ADD1-4DB7-BB73-1A253E951078}.Debug|Any CPU.ActiveCfg = Debug|Any CPU
		{ABD2C8BD-ADD1-4DB7-BB73-1A253E951078}.Debug|Any CPU.Build.0 = Debug|Any CPU
		{ABD2C8BD-ADD1-4DB7-BB73-1A253E951078}.Release|Any CPU.ActiveCfg = Release|Any CPU
		{ABD2C8BD-ADD1-4DB7-BB73-1A253E951078}.Release|Any CPU.Build.0 = Release|Any CPU
		{89109A16-1C01-4DAB-AF12-46EC3C681A1F}.Debug|Any CPU.ActiveCfg = Debug|Any CPU
		{89109A16-1C01-4DAB-AF12-46EC3C681A1F}.Debug|Any CPU.Build.0 = Debug|Any CPU
		{89109A16-1C01-4DAB-AF12-46EC3C681A1F}.Release|Any CPU.ActiveCfg = Release|Any CPU
		{89109A16-1C01-4DAB-AF12-46EC3C681A1F}.Release|Any CPU.Build.0 = Release|Any CPU
		{C0A61897-1196-4A70-9155-83119FE342A0}.Debug|Any CPU.ActiveCfg = Debug|Any CPU
		{C0A61897-1196-4A70-9155-83119FE342A0}.Debug|Any CPU.Build.0 = Debug|Any CPU
		{C0A61897-1196-4A70-9155-83119FE342A0}.Release|Any CPU.ActiveCfg = Release|Any CPU
		{C0A61897-1196-4A70-9155-83119FE342A0}.Release|Any CPU.Build.0 = Release|Any CPU
		{817397C9-BAF0-4E72-926C-E267B95659A3}.Debug|Any CPU.ActiveCfg = Debug|Any CPU
		{817397C9-BAF0-4E72-926C-E267B95659A3}.Debug|Any CPU.Build.0 = Debug|Any CPU
		{817397C9-BAF0-4E72-926C-E267B95659A3}.Release|Any CPU.ActiveCfg = Release|Any CPU
		{817397C9-BAF0-4E72-926C-E267B95659A3}.Release|Any CPU.Build.0 = Release|Any CPU
		{DF9DFE30-4266-49AC-819C-23B23CBA8D65}.Debug|Any CPU.ActiveCfg = Debug|Any CPU
		{DF9DFE30-4266-49AC-819C-23B23CBA8D65}.Debug|Any CPU.Build.0 = Debug|Any CPU
		{DF9DFE30-4266-49AC-819C-23B23CBA8D65}.Release|Any CPU.ActiveCfg = Release|Any CPU
		{DF9DFE30-4266-49AC-819C-23B23CBA8D65}.Release|Any CPU.Build.0 = Release|Any CPU
	EndGlobalSection
	GlobalSection(SolutionProperties) = preSolution
		HideSolutionNode = FALSE
	EndGlobalSection
EndGlobal
